// !$*UTF8*$!
{
	archiveVersion = 1;
	classes = {
	};
	objectVersion = 48;
	objects = {

/* Begin PBXBuildFile section */
		9892DA7C204690110032CEA7 /* STAlbumsCollectionViewCell.swift in Sources */ = {isa = PBXBuildFile; fileRef = 9892DA7B204690110032CEA7 /* STAlbumsCollectionViewCell.swift */; };
		9892DA7F204691A70032CEA7 /* STAlbum.swift in Sources */ = {isa = PBXBuildFile; fileRef = 9892DA7E204691A70032CEA7 /* STAlbum.swift */; };
		98DDDB8320452A3F0042056A /* AppDelegate.swift in Sources */ = {isa = PBXBuildFile; fileRef = 98DDDB8220452A3F0042056A /* AppDelegate.swift */; };
		98DDDB8820452A3F0042056A /* STMain.storyboard in Resources */ = {isa = PBXBuildFile; fileRef = 98DDDB8620452A3F0042056A /* STMain.storyboard */; };
		98DDDB8A20452A3F0042056A /* Assets.xcassets in Resources */ = {isa = PBXBuildFile; fileRef = 98DDDB8920452A3F0042056A /* Assets.xcassets */; };
		98DDDB8D20452A3F0042056A /* STLaunchScreen.storyboard in Resources */ = {isa = PBXBuildFile; fileRef = 98DDDB8B20452A3F0042056A /* STLaunchScreen.storyboard */; };
		98DDDB9520452BFB0042056A /* STInstagramPickerViewController.swift in Sources */ = {isa = PBXBuildFile; fileRef = 98DDDB9420452BFB0042056A /* STInstagramPickerViewController.swift */; };
		98DDDB9C20455AF40042056A /* STPickerCollectionViewCell.swift in Sources */ = {isa = PBXBuildFile; fileRef = 98DDDB9B20455AF40042056A /* STPickerCollectionViewCell.swift */; };
		98DDDBA12046717F0042056A /* STAlbumsViewController.swift in Sources */ = {isa = PBXBuildFile; fileRef = 98DDDBA02046717F0042056A /* STAlbumsViewController.swift */; };
		98DDDBA320467F620042056A /* Info.plist in Resources */ = {isa = PBXBuildFile; fileRef = 98DDDBA220467F620042056A /* Info.plist */; };
		98DDDBA620468ABE0042056A /* STAlbumsFlowLayout.swift in Sources */ = {isa = PBXBuildFile; fileRef = 98DDDBA520468ABE0042056A /* STAlbumsFlowLayout.swift */; };
		98EB99DD204BC80C00204D33 /* SutieViewController.swift in Sources */ = {isa = PBXBuildFile; fileRef = 98EB99DC204BC80C00204D33 /* SutieViewController.swift */; };
/* End PBXBuildFile section */

/* Begin PBXFileReference section */
		9892DA7B204690110032CEA7 /* STAlbumsCollectionViewCell.swift */ = {isa = PBXFileReference; lastKnownFileType = sourcecode.swift; path = STAlbumsCollectionViewCell.swift; sourceTree = "<group>"; };
		9892DA7E204691A70032CEA7 /* STAlbum.swift */ = {isa = PBXFileReference; lastKnownFileType = sourcecode.swift; path = STAlbum.swift; sourceTree = "<group>"; };
		98DDDB7F20452A3F0042056A /* InstaImagePicker.app */ = {isa = PBXFileReference; explicitFileType = wrapper.application; includeInIndex = 0; path = InstaImagePicker.app; sourceTree = BUILT_PRODUCTS_DIR; };
		98DDDB8220452A3F0042056A /* AppDelegate.swift */ = {isa = PBXFileReference; lastKnownFileType = sourcecode.swift; path = AppDelegate.swift; sourceTree = "<group>"; };
		98DDDB8720452A3F0042056A /* Base */ = {isa = PBXFileReference; lastKnownFileType = file.storyboard; name = Base; path = Base.lproj/STMain.storyboard; sourceTree = "<group>"; };
		98DDDB8920452A3F0042056A /* Assets.xcassets */ = {isa = PBXFileReference; lastKnownFileType = folder.assetcatalog; path = Assets.xcassets; sourceTree = "<group>"; };
		98DDDB8C20452A3F0042056A /* Base */ = {isa = PBXFileReference; lastKnownFileType = file.storyboard; name = Base; path = Base.lproj/STLaunchScreen.storyboard; sourceTree = "<group>"; };
		98DDDB9420452BFB0042056A /* STInstagramPickerViewController.swift */ = {isa = PBXFileReference; lastKnownFileType = sourcecode.swift; path = STInstagramPickerViewController.swift; sourceTree = "<group>"; };
		98DDDB9B20455AF40042056A /* STPickerCollectionViewCell.swift */ = {isa = PBXFileReference; lastKnownFileType = sourcecode.swift; path = STPickerCollectionViewCell.swift; sourceTree = "<group>"; };
		98DDDBA02046717F0042056A /* STAlbumsViewController.swift */ = {isa = PBXFileReference; lastKnownFileType = sourcecode.swift; path = STAlbumsViewController.swift; sourceTree = "<group>"; };
		98DDDBA220467F620042056A /* Info.plist */ = {isa = PBXFileReference; fileEncoding = 4; lastKnownFileType = text.plist.xml; name = Info.plist; path = Controller/Info.plist; sourceTree = "<group>"; };
		98DDDBA520468ABE0042056A /* STAlbumsFlowLayout.swift */ = {isa = PBXFileReference; lastKnownFileType = sourcecode.swift; path = STAlbumsFlowLayout.swift; sourceTree = "<group>"; };
		98EB99DC204BC80C00204D33 /* SutieViewController.swift */ = {isa = PBXFileReference; lastKnownFileType = sourcecode.swift; path = SutieViewController.swift; sourceTree = "<group>"; };
/* End PBXFileReference section */

/* Begin PBXFrameworksBuildPhase section */
		98DDDB7C20452A3F0042056A /* Frameworks */ = {
			isa = PBXFrameworksBuildPhase;
			buildActionMask = 2147483647;
			files = (
			);
			runOnlyForDeploymentPostprocessing = 0;
		};
/* End PBXFrameworksBuildPhase section */

/* Begin PBXGroup section */
		9892DA7D2046919B0032CEA7 /* Model */ = {
			isa = PBXGroup;
			children = (
				9892DA7E204691A70032CEA7 /* STAlbum.swift */,
			);
			path = Model;
			sourceTree = "<group>";
		};
		98DDDB7620452A3F0042056A = {
			isa = PBXGroup;
			children = (
				9892DA7D2046919B0032CEA7 /* Model */,
				98DDDBA220467F620042056A /* Info.plist */,
				98DDDBA420468A440042056A /* Layout */,
				98DDDB8120452A3F0042056A /* Controller */,
				98DDDB8020452A3F0042056A /* Products */,
			);
			sourceTree = "<group>";
		};
		98DDDB8020452A3F0042056A /* Products */ = {
			isa = PBXGroup;
			children = (
				98DDDB7F20452A3F0042056A /* InstaImagePicker.app */,
			);
			name = Products;
			sourceTree = "<group>";
		};
		98DDDB8120452A3F0042056A /* Controller */ = {
			isa = PBXGroup;
			children = (
				98EB99DC204BC80C00204D33 /* SutieViewController.swift */,
				98DDDB9420452BFB0042056A /* STInstagramPickerViewController.swift */,
				98DDDBA02046717F0042056A /* STAlbumsViewController.swift */,
				98DDDB9F204636A70042056A /* Storyboard */,
				98DDDB9820455A650042056A /* Views */,
				98DDDB8220452A3F0042056A /* AppDelegate.swift */,
				98DDDB8920452A3F0042056A /* Assets.xcassets */,
			);
			path = Controller;
			sourceTree = "<group>";
		};
		98DDDB9820455A650042056A /* Views */ = {
			isa = PBXGroup;
			children = (
				98DDDB9B20455AF40042056A /* STPickerCollectionViewCell.swift */,
				9892DA7B204690110032CEA7 /* STAlbumsCollectionViewCell.swift */,
			);
			path = Views;
			sourceTree = "<group>";
		};
		98DDDB9F204636A70042056A /* Storyboard */ = {
			isa = PBXGroup;
			children = (
				98DDDB8B20452A3F0042056A /* STLaunchScreen.storyboard */,
				98DDDB8620452A3F0042056A /* STMain.storyboard */,
			);
			path = Storyboard;
			sourceTree = "<group>";
		};
		98DDDBA420468A440042056A /* Layout */ = {
			isa = PBXGroup;
			children = (
				98DDDBA520468ABE0042056A /* STAlbumsFlowLayout.swift */,
			);
			path = Layout;
			sourceTree = "<group>";
		};
/* End PBXGroup section */

/* Begin PBXNativeTarget section */
		98DDDB7E20452A3F0042056A /* InstaImagePicker */ = {
			isa = PBXNativeTarget;
			buildConfigurationList = 98DDDB9120452A3F0042056A /* Build configuration list for PBXNativeTarget "InstaImagePicker" */;
			buildPhases = (
				98DDDB7B20452A3F0042056A /* Sources */,
				98DDDB7C20452A3F0042056A /* Frameworks */,
				98DDDB7D20452A3F0042056A /* Resources */,
			);
			buildRules = (
			);
			dependencies = (
			);
			name = InstaImagePicker;
			productName = InstaImagePicker;
			productReference = 98DDDB7F20452A3F0042056A /* InstaImagePicker.app */;
			productType = "com.apple.product-type.application";
		};
/* End PBXNativeTarget section */

/* Begin PBXProject section */
		98DDDB7720452A3F0042056A /* Project object */ = {
			isa = PBXProject;
			attributes = {
				LastSwiftUpdateCheck = 0920;
				LastUpgradeCheck = 0920;
				ORGANIZATIONNAME = sutie;
				TargetAttributes = {
					98DDDB7E20452A3F0042056A = {
						CreatedOnToolsVersion = 9.2;
						ProvisioningStyle = Automatic;
					};
				};
			};
			buildConfigurationList = 98DDDB7A20452A3F0042056A /* Build configuration list for PBXProject "InstaImagePicker" */;
			compatibilityVersion = "Xcode 8.0";
			developmentRegion = en;
			hasScannedForEncodings = 0;
			knownRegions = (
				en,
				Base,
			);
			mainGroup = 98DDDB7620452A3F0042056A;
			productRefGroup = 98DDDB8020452A3F0042056A /* Products */;
			projectDirPath = "";
			projectRoot = "";
			targets = (
				98DDDB7E20452A3F0042056A /* InstaImagePicker */,
			);
		};
/* End PBXProject section */

/* Begin PBXResourcesBuildPhase section */
		98DDDB7D20452A3F0042056A /* Resources */ = {
			isa = PBXResourcesBuildPhase;
			buildActionMask = 2147483647;
			files = (
				98DDDBA320467F620042056A /* Info.plist in Resources */,
				98DDDB8D20452A3F0042056A /* STLaunchScreen.storyboard in Resources */,
				98DDDB8A20452A3F0042056A /* Assets.xcassets in Resources */,
				98DDDB8820452A3F0042056A /* STMain.storyboard in Resources */,
			);
			runOnlyForDeploymentPostprocessing = 0;
		};
/* End PBXResourcesBuildPhase section */

/* Begin PBXSourcesBuildPhase section */
		98DDDB7B20452A3F0042056A /* Sources */ = {
			isa = PBXSourcesBuildPhase;
			buildActionMask = 2147483647;
			files = (
				98DDDBA12046717F0042056A /* STAlbumsViewController.swift in Sources */,
				98DDDBA620468ABE0042056A /* STAlbumsFlowLayout.swift in Sources */,
				9892DA7C204690110032CEA7 /* STAlbumsCollectionViewCell.swift in Sources */,
				98DDDB8320452A3F0042056A /* AppDelegate.swift in Sources */,
				98DDDB9C20455AF40042056A /* STPickerCollectionViewCell.swift in Sources */,
				98EB99DD204BC80C00204D33 /* SutieViewController.swift in Sources */,
				9892DA7F204691A70032CEA7 /* STAlbum.swift in Sources */,
				98DDDB9520452BFB0042056A /* STInstagramPickerViewController.swift in Sources */,
			);
			runOnlyForDeploymentPostprocessing = 0;
		};
/* End PBXSourcesBuildPhase section */

/* Begin PBXVariantGroup section */
		98DDDB8620452A3F0042056A /* STMain.storyboard */ = {
			isa = PBXVariantGroup;
			children = (
				98DDDB8720452A3F0042056A /* Base */,
			);
			name = STMain.storyboard;
			sourceTree = "<group>";
		};
		98DDDB8B20452A3F0042056A /* STLaunchScreen.storyboard */ = {
			isa = PBXVariantGroup;
			children = (
				98DDDB8C20452A3F0042056A /* Base */,
			);
			name = STLaunchScreen.storyboard;
			sourceTree = "<group>";
		};
/* End PBXVariantGroup section */

/* Begin XCBuildConfiguration section */
		98DDDB8F20452A3F0042056A /* Debug */ = {
			isa = XCBuildConfiguration;
			buildSettings = {
				ALWAYS_SEARCH_USER_PATHS = NO;
				CLANG_ANALYZER_NONNULL = YES;
				CLANG_ANALYZER_NUMBER_OBJECT_CONVERSION = YES_AGGRESSIVE;
				CLANG_CXX_LANGUAGE_STANDARD = "gnu++14";
				CLANG_CXX_LIBRARY = "libc++";
				CLANG_ENABLE_MODULES = YES;
				CLANG_ENABLE_OBJC_ARC = YES;
				CLANG_WARN_BLOCK_CAPTURE_AUTORELEASING = YES;
				CLANG_WARN_BOOL_CONVERSION = YES;
				CLANG_WARN_COMMA = YES;
				CLANG_WARN_CONSTANT_CONVERSION = YES;
				CLANG_WARN_DIRECT_OBJC_ISA_USAGE = YES_ERROR;
				CLANG_WARN_DOCUMENTATION_COMMENTS = YES;
				CLANG_WARN_EMPTY_BODY = YES;
				CLANG_WARN_ENUM_CONVERSION = YES;
				CLANG_WARN_INFINITE_RECURSION = YES;
				CLANG_WARN_INT_CONVERSION = YES;
				CLANG_WARN_NON_LITERAL_NULL_CONVERSION = YES;
				CLANG_WARN_OBJC_LITERAL_CONVERSION = YES;
				CLANG_WARN_OBJC_ROOT_CLASS = YES_ERROR;
				CLANG_WARN_RANGE_LOOP_ANALYSIS = YES;
				CLANG_WARN_STRICT_PROTOTYPES = YES;
				CLANG_WARN_SUSPICIOUS_MOVE = YES;
				CLANG_WARN_UNGUARDED_AVAILABILITY = YES_AGGRESSIVE;
				CLANG_WARN_UNREACHABLE_CODE = YES;
				CLANG_WARN__DUPLICATE_METHOD_MATCH = YES;
				CODE_SIGN_IDENTITY = "iPhone Developer";
				COPY_PHASE_STRIP = NO;
				DEBUG_INFORMATION_FORMAT = dwarf;
				ENABLE_STRICT_OBJC_MSGSEND = YES;
				ENABLE_TESTABILITY = YES;
				GCC_C_LANGUAGE_STANDARD = gnu11;
				GCC_DYNAMIC_NO_PIC = NO;
				GCC_NO_COMMON_BLOCKS = YES;
				GCC_OPTIMIZATION_LEVEL = 0;
				GCC_PREPROCESSOR_DEFINITIONS = (
					"DEBUG=1",
					"$(inherited)",
				);
				GCC_WARN_64_TO_32_BIT_CONVERSION = YES;
				GCC_WARN_ABOUT_RETURN_TYPE = YES_ERROR;
				GCC_WARN_UNDECLARED_SELECTOR = YES;
				GCC_WARN_UNINITIALIZED_AUTOS = YES_AGGRESSIVE;
				GCC_WARN_UNUSED_FUNCTION = YES;
				GCC_WARN_UNUSED_VARIABLE = YES;
				IPHONEOS_DEPLOYMENT_TARGET = 11.2;
				MTL_ENABLE_DEBUG_INFO = YES;
				ONLY_ACTIVE_ARCH = YES;
				SDKROOT = iphoneos;
				SWIFT_ACTIVE_COMPILATION_CONDITIONS = DEBUG;
				SWIFT_OPTIMIZATION_LEVEL = "-Onone";
			};
			name = Debug;
		};
		98DDDB9020452A3F0042056A /* Release */ = {
			isa = XCBuildConfiguration;
			buildSettings = {
				ALWAYS_SEARCH_USER_PATHS = NO;
				CLANG_ANALYZER_NONNULL = YES;
				CLANG_ANALYZER_NUMBER_OBJECT_CONVERSION = YES_AGGRESSIVE;
				CLANG_CXX_LANGUAGE_STANDARD = "gnu++14";
				CLANG_CXX_LIBRARY = "libc++";
				CLANG_ENABLE_MODULES = YES;
				CLANG_ENABLE_OBJC_ARC = YES;
				CLANG_WARN_BLOCK_CAPTURE_AUTORELEASING = YES;
				CLANG_WARN_BOOL_CONVERSION = YES;
				CLANG_WARN_COMMA = YES;
				CLANG_WARN_CONSTANT_CONVERSION = YES;
				CLANG_WARN_DIRECT_OBJC_ISA_USAGE = YES_ERROR;
				CLANG_WARN_DOCUMENTATION_COMMENTS = YES;
				CLANG_WARN_EMPTY_BODY = YES;
				CLANG_WARN_ENUM_CONVERSION = YES;
				CLANG_WARN_INFINITE_RECURSION = YES;
				CLANG_WARN_INT_CONVERSION = YES;
				CLANG_WARN_NON_LITERAL_NULL_CONVERSION = YES;
				CLANG_WARN_OBJC_LITERAL_CONVERSION = YES;
				CLANG_WARN_OBJC_ROOT_CLASS = YES_ERROR;
				CLANG_WARN_RANGE_LOOP_ANALYSIS = YES;
				CLANG_WARN_STRICT_PROTOTYPES = YES;
				CLANG_WARN_SUSPICIOUS_MOVE = YES;
				CLANG_WARN_UNGUARDED_AVAILABILITY = YES_AGGRESSIVE;
				CLANG_WARN_UNREACHABLE_CODE = YES;
				CLANG_WARN__DUPLICATE_METHOD_MATCH = YES;
				CODE_SIGN_IDENTITY = "iPhone Developer";
				COPY_PHASE_STRIP = NO;
				DEBUG_INFORMATION_FORMAT = "dwarf-with-dsym";
				ENABLE_NS_ASSERTIONS = NO;
				ENABLE_STRICT_OBJC_MSGSEND = YES;
				GCC_C_LANGUAGE_STANDARD = gnu11;
				GCC_NO_COMMON_BLOCKS = YES;
				GCC_WARN_64_TO_32_BIT_CONVERSION = YES;
				GCC_WARN_ABOUT_RETURN_TYPE = YES_ERROR;
				GCC_WARN_UNDECLARED_SELECTOR = YES;
				GCC_WARN_UNINITIALIZED_AUTOS = YES_AGGRESSIVE;
				GCC_WARN_UNUSED_FUNCTION = YES;
				GCC_WARN_UNUSED_VARIABLE = YES;
				IPHONEOS_DEPLOYMENT_TARGET = 11.2;
				MTL_ENABLE_DEBUG_INFO = NO;
				SDKROOT = iphoneos;
				SWIFT_OPTIMIZATION_LEVEL = "-Owholemodule";
				VALIDATE_PRODUCT = YES;
			};
			name = Release;
		};
		98DDDB9220452A3F0042056A /* Debug */ = {
			isa = XCBuildConfiguration;
			buildSettings = {
				ASSETCATALOG_COMPILER_APPICON_NAME = AppIcon;
				CODE_SIGN_STYLE = Automatic;
				DEVELOPMENT_TEAM = LUER35A27W;
				INFOPLIST_FILE = "$(SRCROOT)/Controller/Info.plist";
				LD_RUNPATH_SEARCH_PATHS = "$(inherited) @executable_path/Frameworks";
				PRODUCT_BUNDLE_IDENTIFIER = shuduck.InstaImagePicker;
				PRODUCT_NAME = "$(TARGET_NAME)";
				SWIFT_VERSION = 4.0;
				TARGETED_DEVICE_FAMILY = "1,2";
			};
			name = Debug;
		};
		98DDDB9320452A3F0042056A /* Release */ = {
			isa = XCBuildConfiguration;
			buildSettings = {
				ASSETCATALOG_COMPILER_APPICON_NAME = AppIcon;
				CODE_SIGN_STYLE = Automatic;
				DEVELOPMENT_TEAM = LUER35A27W;
				INFOPLIST_FILE = "$(SRCROOT)/Controller/Info.plist";
				LD_RUNPATH_SEARCH_PATHS = "$(inherited) @executable_path/Frameworks";
				PRODUCT_BUNDLE_IDENTIFIER = shuduck.InstaImagePicker;
				PRODUCT_NAME = "$(TARGET_NAME)";
				SWIFT_VERSION = 4.0;
				TARGETED_DEVICE_FAMILY = "1,2";
			};
			name = Release;
		};
/* End XCBuildConfiguration section */

/* Begin XCConfigurationList section */
		98DDDB7A20452A3F0042056A /* Build configuration list for PBXProject "InstaImagePicker" */ = {
			isa = XCConfigurationList;
			buildConfigurations = (
				98DDDB8F20452A3F0042056A /* Debug */,
				98DDDB9020452A3F0042056A /* Release */,
			);
			defaultConfigurationIsVisible = 0;
			defaultConfigurationName = Release;
		};
		98DDDB9120452A3F0042056A /* Build configuration list for PBXNativeTarget "InstaImagePicker" */ = {
			isa = XCConfigurationList;
			buildConfigurations = (
				98DDDB9220452A3F0042056A /* Debug */,
				98DDDB9320452A3F0042056A /* Release */,
			);
			defaultConfigurationIsVisible = 0;
			defaultConfigurationName = Release;
		};
/* End XCConfigurationList section */
	};
	rootObject = 98DDDB7720452A3F0042056A /* Project object */;
}
